
Microsoft Visual Studio Solution File, Format Version 12.00
# Visual Studio Version 16
VisualStudioVersion = 16.0.30907.101
MinimumVisualStudioVersion = 10.0.40219.1
Project("{FAE04EC0-301F-11D3-BF4B-00C04F79EFBC}") = "GameProject", "GameProject\GameProject.csproj", "{EE98CD3F-15A0-482D-93E3-55013BD9A420}"
EndProject
Global
	GlobalSection(SolutionConfigurationPlatforms) = preSolution
		Debug|Any CPU = Debug|Any CPU
		Release|Any CPU = Release|Any CPU
	EndGlobalSection
	GlobalSection(ProjectConfigurationPlatforms) = postSolution
		{EE98CD3F-15A0-482D-93E3-55013BD9A420}.Debug|Any CPU.ActiveCfg = Debug|Any CPU
		{EE98CD3F-15A0-482D-93E3-55013BD9A420}.Debug|Any CPU.Build.0 = Debug|Any CPU
		{EE98CD3F-15A0-482D-93E3-55013BD9A420}.Release|Any CPU.ActiveCfg = Release|Any CPU
		{EE98CD3F-15A0-482D-93E3-55013BD9A420}.Release|Any CPU.Build.0 = Release|Any CPU
	EndGlobalSection
	GlobalSection(SolutionProperties) = preSolution
		HideSolutionNode = FALSE
	EndGlobalSection
	GlobalSection(ExtensibilityGlobals) = postSolution
		SolutionGuid = {B3DA7FE3-86D0-4259-852D-B24284B095DD}
	EndGlobalSection
EndGlobal
